
Microsoft Visual Studio Solution File, Format Version 12.00
# Visual Studio Version 16
VisualStudioVersion = 16.0.29306.81
MinimumVisualStudioVersion = 10.0.40219.1
Project("{FAE04EC0-301F-11D3-BF4B-00C04F79EFBC}") = "Modul05_Inheritance", "Modul05_Inheritance\Modul05_Inheritance.csproj", "{0851AB16-A47F-40D1-8715-C0CF299F9DC4}"
EndProject
Global
	GlobalSection(SolutionConfigurationPlatforms) = preSolution
		Debug|Any CPU = Debug|Any CPU
		Release|Any CPU = Release|Any CPU
	EndGlobalSection
	GlobalSection(ProjectConfigurationPlatforms) = postSolution
		{0851AB16-A47F-40D1-8715-C0CF299F9DC4}.Debug|Any CPU.ActiveCfg = Debug|Any CPU
		{0851AB16-A47F-40D1-8715-C0CF299F9DC4}.Debug|Any CPU.Build.0 = Debug|Any CPU
		{0851AB16-A47F-40D1-8715-C0CF299F9DC4}.Release|Any CPU.ActiveCfg = Release|Any CPU
		{0851AB16-A47F-40D1-8715-C0CF299F9DC4}.Release|Any CPU.Build.0 = Release|Any CPU
	EndGlobalSection
	GlobalSection(SolutionProperties) = preSolution
		HideSolutionNode = FALSE
	EndGlobalSection
	GlobalSection(ExtensibilityGlobals) = postSolution
		SolutionGuid = {0D7F2012-5734-460F-8380-E8631F485B47}
	EndGlobalSection
EndGlobal
