
Microsoft Visual Studio Solution File, Format Version 12.00
# Visual Studio Version 16
VisualStudioVersion = 16.0.29306.81
MinimumVisualStudioVersion = 10.0.40219.1
Project("{FAE04EC0-301F-11D3-BF4B-00C04F79EFBC}") = "Sprachgrundlagen", "Sprachgrundlagen\Sprachgrundlagen.csproj", "{D12D1298-8CC0-4B5F-9B91-D4F50B9B48EB}"
EndProject
Global
	GlobalSection(SolutionConfigurationPlatforms) = preSolution
		Debug|Any CPU = Debug|Any CPU
		Release|Any CPU = Release|Any CPU
	EndGlobalSection
	GlobalSection(ProjectConfigurationPlatforms) = postSolution
		{D12D1298-8CC0-4B5F-9B91-D4F50B9B48EB}.Debug|Any CPU.ActiveCfg = Debug|Any CPU
		{D12D1298-8CC0-4B5F-9B91-D4F50B9B48EB}.Debug|Any CPU.Build.0 = Debug|Any CPU
		{D12D1298-8CC0-4B5F-9B91-D4F50B9B48EB}.Release|Any CPU.ActiveCfg = Release|Any CPU
		{D12D1298-8CC0-4B5F-9B91-D4F50B9B48EB}.Release|Any CPU.Build.0 = Release|Any CPU
	EndGlobalSection
	GlobalSection(SolutionProperties) = preSolution
		HideSolutionNode = FALSE
	EndGlobalSection
	GlobalSection(ExtensibilityGlobals) = postSolution
		SolutionGuid = {1A7FA3BE-14F4-42F0-A357-DA78BBFAB07A}
	EndGlobalSection
EndGlobal
