
Microsoft Visual Studio Solution File, Format Version 12.00
# Visual Studio Version 16
VisualStudioVersion = 16.0.29306.81
MinimumVisualStudioVersion = 10.0.40219.1
Project("{FAE04EC0-301F-11D3-BF4B-00C04F79EFBC}") = "WindowsFormsApp", "WindowsFormsApp\WindowsFormsApp.csproj", "{189CB52B-0812-4CF5-9E47-2BE471A891C9}"
EndProject
Global
	GlobalSection(SolutionConfigurationPlatforms) = preSolution
		Debug|Any CPU = Debug|Any CPU
		Release|Any CPU = Release|Any CPU
	EndGlobalSection
	GlobalSection(ProjectConfigurationPlatforms) = postSolution
		{189CB52B-0812-4CF5-9E47-2BE471A891C9}.Debug|Any CPU.ActiveCfg = Debug|Any CPU
		{189CB52B-0812-4CF5-9E47-2BE471A891C9}.Debug|Any CPU.Build.0 = Debug|Any CPU
		{189CB52B-0812-4CF5-9E47-2BE471A891C9}.Release|Any CPU.ActiveCfg = Release|Any CPU
		{189CB52B-0812-4CF5-9E47-2BE471A891C9}.Release|Any CPU.Build.0 = Release|Any CPU
	EndGlobalSection
	GlobalSection(SolutionProperties) = preSolution
		HideSolutionNode = FALSE
	EndGlobalSection
	GlobalSection(ExtensibilityGlobals) = postSolution
		SolutionGuid = {F8E3C7CF-FD93-43DE-9C62-FFA78464E7B8}
	EndGlobalSection
EndGlobal
