
Microsoft Visual Studio Solution File, Format Version 12.00
# Visual Studio Version 16
VisualStudioVersion = 16.0.29306.81
MinimumVisualStudioVersion = 10.0.40219.1
Project("{FAE04EC0-301F-11D3-BF4B-00C04F79EFBC}") = "GenerischeDatentypen", "GenerischeDatentypen\GenerischeDatentypen.csproj", "{8BCAFBB6-D282-4829-88B7-1F3DA940FAC3}"
EndProject
Global
	GlobalSection(SolutionConfigurationPlatforms) = preSolution
		Debug|Any CPU = Debug|Any CPU
		Release|Any CPU = Release|Any CPU
	EndGlobalSection
	GlobalSection(ProjectConfigurationPlatforms) = postSolution
		{8BCAFBB6-D282-4829-88B7-1F3DA940FAC3}.Debug|Any CPU.ActiveCfg = Debug|Any CPU
		{8BCAFBB6-D282-4829-88B7-1F3DA940FAC3}.Debug|Any CPU.Build.0 = Debug|Any CPU
		{8BCAFBB6-D282-4829-88B7-1F3DA940FAC3}.Release|Any CPU.ActiveCfg = Release|Any CPU
		{8BCAFBB6-D282-4829-88B7-1F3DA940FAC3}.Release|Any CPU.Build.0 = Release|Any CPU
	EndGlobalSection
	GlobalSection(SolutionProperties) = preSolution
		HideSolutionNode = FALSE
	EndGlobalSection
	GlobalSection(ExtensibilityGlobals) = postSolution
		SolutionGuid = {079D59CB-CBC9-4B0D-B0B3-71D47C01C322}
	EndGlobalSection
EndGlobal
